
Microsoft Visual Studio Solution File, Format Version 12.00
# Visual Studio Version 16
VisualStudioVersion = 16.0.32126.315
MinimumVisualStudioVersion = 10.0.40219.1
Project("{FAE04EC0-301F-11D3-BF4B-00C04F79EFBC}") = "SkatingScoringApp", "SkatingScoringApp\SkatingScoringApp.csproj", "{696F4CD9-6272-467C-BD10-6E7936779EC5}"
EndProject
Global
	GlobalSection(SolutionConfigurationPlatforms) = preSolution
		Debug|Any CPU = Debug|Any CPU
		Release|Any CPU = Release|Any CPU
	EndGlobalSection
	GlobalSection(ProjectConfigurationPlatforms) = postSolution
		{696F4CD9-6272-467C-BD10-6E7936779EC5}.Debug|Any CPU.ActiveCfg = Debug|Any CPU
		{696F4CD9-6272-467C-BD10-6E7936779EC5}.Debug|Any CPU.Build.0 = Debug|Any CPU
		{696F4CD9-6272-467C-BD10-6E7936779EC5}.Release|Any CPU.ActiveCfg = Release|Any CPU
		{696F4CD9-6272-467C-BD10-6E7936779EC5}.Release|Any CPU.Build.0 = Release|Any CPU
	EndGlobalSection
	GlobalSection(SolutionProperties) = preSolution
		HideSolutionNode = FALSE
	EndGlobalSection
	GlobalSection(ExtensibilityGlobals) = postSolution
		SolutionGuid = {E1233D95-98BF-49A8-8F70-AD14CB9C85DB}
	EndGlobalSection
EndGlobal
